
Microsoft Visual Studio Solution File, Format Version 12.00
# Visual Studio 14
VisualStudioVersion = 14.0.25420.1
MinimumVisualStudioVersion = 10.0.40219.1
Project("{2150E333-8FDC-42A3-9474-1A3956D46DE8}") = "CSharpOOP", "CSharpOOP", "{C8530AD1-AA63-4897-AEAA-D233BC986FC8}"
EndProject
Project("{FAE04EC0-301F-11D3-BF4B-00C04F79EFBC}") = "ProblemWithoutAndWithOOP", "ProblemWithoutAndWithOOP\ProblemWithoutAndWithOOP.csproj", "{8B5F80B8-90C3-4194-940F-644FE8837813}"
EndProject
Project("{FAE04EC0-301F-11D3-BF4B-00C04F79EFBC}") = "ControleDeEstoque", "ControleDeEstoque\ControleDeEstoque.csproj", "{FDCC4736-D671-4391-8732-5A99E78814FA}"
EndProject
Project("{FAE04EC0-301F-11D3-BF4B-00C04F79EFBC}") = "TecnicasOOP", "TecnicasOOP\TecnicasOOP.csproj", "{3966A82D-71A8-4EA1-9473-B9137125A19D}"
EndProject
Project("{2150E333-8FDC-42A3-9474-1A3956D46DE8}") = "Projetos", "Projetos", "{AC15E5E5-3920-46E7-BB8B-4BC02966C394}"
EndProject
Project("{2150E333-8FDC-42A3-9474-1A3956D46DE8}") = "PrimeiroProjeto", "PrimeiroProjeto", "{F2AE0ADF-7D6F-4477-B9AA-0D7A4EF9156B}"
EndProject
Project("{FAE04EC0-301F-11D3-BF4B-00C04F79EFBC}") = "Dominio", "Dominio\Dominio.csproj", "{AF62EEE5-29A4-4314-975B-C62842533F52}"
EndProject
Project("{FAE04EC0-301F-11D3-BF4B-00C04F79EFBC}") = "Apresentacao", "Apresentacao\Apresentacao.csproj", "{32235D50-56B1-4FC1-B569-DD35FCAA80E1}"
EndProject
Project("{2150E333-8FDC-42A3-9474-1A3956D46DE8}") = "SegundoProjeto", "SegundoProjeto", "{CEE43B30-5E0F-4A08-BBEC-9D1D9F11202C}"
EndProject
Project("{2150E333-8FDC-42A3-9474-1A3956D46DE8}") = "TerceiroProjeto", "TerceiroProjeto", "{F01E029E-1E4F-430F-94B7-E477E379E126}"
EndProject
Project("{2150E333-8FDC-42A3-9474-1A3956D46DE8}") = "ProjetoFinal", "ProjetoFinal", "{9CA7CC8E-E8D6-4B2B-B5E9-368C6A469EC8}"
EndProject
Project("{2150E333-8FDC-42A3-9474-1A3956D46DE8}") = "LearnCSharpByBuildingApp", "LearnCSharpByBuildingApp", "{BB3A93E8-050B-4CA0-9AE6-07765BFAB420}"
EndProject
Project("{FAE04EC0-301F-11D3-BF4B-00C04F79EFBC}") = "SimpleCalculator", "SimpleCalculator\SimpleCalculator.csproj", "{D0B9843B-6401-455C-BFF3-9B0400672A22}"
EndProject
Project("{FAE04EC0-301F-11D3-BF4B-00C04F79EFBC}") = "SimpleCalculator.Test.Unit", "SimpleCalculator.Test.Unit\SimpleCalculator.Test.Unit.csproj", "{63DD91E4-61A9-4B53-B715-6DBAC94FCACE}"
EndProject
Project("{FAE04EC0-301F-11D3-BF4B-00C04F79EFBC}") = "XadrezGame", "XadrezGame\XadrezGame.csproj", "{B5482451-B873-4EBA-B863-5D274DD34FE7}"
EndProject
Project("{FAE04EC0-301F-11D3-BF4B-00C04F79EFBC}") = "XadrezGameGUI", "XadrezGameGUI\XadrezGameGUI.csproj", "{6AE52AF9-BE49-40EA-8A3A-A662158DFCA0}"
EndProject
Global
	GlobalSection(SolutionConfigurationPlatforms) = preSolution
		Debug|Any CPU = Debug|Any CPU
		Release|Any CPU = Release|Any CPU
	EndGlobalSection
	GlobalSection(ProjectConfigurationPlatforms) = postSolution
		{8B5F80B8-90C3-4194-940F-644FE8837813}.Debug|Any CPU.ActiveCfg = Debug|Any CPU
		{8B5F80B8-90C3-4194-940F-644FE8837813}.Debug|Any CPU.Build.0 = Debug|Any CPU
		{8B5F80B8-90C3-4194-940F-644FE8837813}.Release|Any CPU.ActiveCfg = Release|Any CPU
		{8B5F80B8-90C3-4194-940F-644FE8837813}.Release|Any CPU.Build.0 = Release|Any CPU
		{FDCC4736-D671-4391-8732-5A99E78814FA}.Debug|Any CPU.ActiveCfg = Debug|Any CPU
		{FDCC4736-D671-4391-8732-5A99E78814FA}.Debug|Any CPU.Build.0 = Debug|Any CPU
		{FDCC4736-D671-4391-8732-5A99E78814FA}.Release|Any CPU.ActiveCfg = Release|Any CPU
		{FDCC4736-D671-4391-8732-5A99E78814FA}.Release|Any CPU.Build.0 = Release|Any CPU
		{3966A82D-71A8-4EA1-9473-B9137125A19D}.Debug|Any CPU.ActiveCfg = Debug|Any CPU
		{3966A82D-71A8-4EA1-9473-B9137125A19D}.Debug|Any CPU.Build.0 = Debug|Any CPU
		{3966A82D-71A8-4EA1-9473-B9137125A19D}.Release|Any CPU.ActiveCfg = Release|Any CPU
		{3966A82D-71A8-4EA1-9473-B9137125A19D}.Release|Any CPU.Build.0 = Release|Any CPU
		{AF62EEE5-29A4-4314-975B-C62842533F52}.Debug|Any CPU.ActiveCfg = Debug|Any CPU
		{AF62EEE5-29A4-4314-975B-C62842533F52}.Debug|Any CPU.Build.0 = Debug|Any CPU
		{AF62EEE5-29A4-4314-975B-C62842533F52}.Release|Any CPU.ActiveCfg = Release|Any CPU
		{AF62EEE5-29A4-4314-975B-C62842533F52}.Release|Any CPU.Build.0 = Release|Any CPU
		{32235D50-56B1-4FC1-B569-DD35FCAA80E1}.Debug|Any CPU.ActiveCfg = Debug|Any CPU
		{32235D50-56B1-4FC1-B569-DD35FCAA80E1}.Debug|Any CPU.Build.0 = Debug|Any CPU
		{32235D50-56B1-4FC1-B569-DD35FCAA80E1}.Release|Any CPU.ActiveCfg = Release|Any CPU
		{32235D50-56B1-4FC1-B569-DD35FCAA80E1}.Release|Any CPU.Build.0 = Release|Any CPU
		{D0B9843B-6401-455C-BFF3-9B0400672A22}.Debug|Any CPU.ActiveCfg = Debug|Any CPU
		{D0B9843B-6401-455C-BFF3-9B0400672A22}.Debug|Any CPU.Build.0 = Debug|Any CPU
		{D0B9843B-6401-455C-BFF3-9B0400672A22}.Release|Any CPU.ActiveCfg = Release|Any CPU
		{D0B9843B-6401-455C-BFF3-9B0400672A22}.Release|Any CPU.Build.0 = Release|Any CPU
		{63DD91E4-61A9-4B53-B715-6DBAC94FCACE}.Debug|Any CPU.ActiveCfg = Debug|Any CPU
		{63DD91E4-61A9-4B53-B715-6DBAC94FCACE}.Debug|Any CPU.Build.0 = Debug|Any CPU
		{63DD91E4-61A9-4B53-B715-6DBAC94FCACE}.Release|Any CPU.ActiveCfg = Release|Any CPU
		{63DD91E4-61A9-4B53-B715-6DBAC94FCACE}.Release|Any CPU.Build.0 = Release|Any CPU
		{B5482451-B873-4EBA-B863-5D274DD34FE7}.Debug|Any CPU.ActiveCfg = Debug|Any CPU
		{B5482451-B873-4EBA-B863-5D274DD34FE7}.Debug|Any CPU.Build.0 = Debug|Any CPU
		{B5482451-B873-4EBA-B863-5D274DD34FE7}.Release|Any CPU.ActiveCfg = Release|Any CPU
		{B5482451-B873-4EBA-B863-5D274DD34FE7}.Release|Any CPU.Build.0 = Release|Any CPU
		{6AE52AF9-BE49-40EA-8A3A-A662158DFCA0}.Debug|Any CPU.ActiveCfg = Debug|Any CPU
		{6AE52AF9-BE49-40EA-8A3A-A662158DFCA0}.Debug|Any CPU.Build.0 = Debug|Any CPU
		{6AE52AF9-BE49-40EA-8A3A-A662158DFCA0}.Release|Any CPU.ActiveCfg = Release|Any CPU
		{6AE52AF9-BE49-40EA-8A3A-A662158DFCA0}.Release|Any CPU.Build.0 = Release|Any CPU
	EndGlobalSection
	GlobalSection(SolutionProperties) = preSolution
		HideSolutionNode = FALSE
	EndGlobalSection
	GlobalSection(NestedProjects) = preSolution
		{8B5F80B8-90C3-4194-940F-644FE8837813} = {C8530AD1-AA63-4897-AEAA-D233BC986FC8}
		{FDCC4736-D671-4391-8732-5A99E78814FA} = {C8530AD1-AA63-4897-AEAA-D233BC986FC8}
		{3966A82D-71A8-4EA1-9473-B9137125A19D} = {C8530AD1-AA63-4897-AEAA-D233BC986FC8}
		{AC15E5E5-3920-46E7-BB8B-4BC02966C394} = {C8530AD1-AA63-4897-AEAA-D233BC986FC8}
		{F2AE0ADF-7D6F-4477-B9AA-0D7A4EF9156B} = {AC15E5E5-3920-46E7-BB8B-4BC02966C394}
		{AF62EEE5-29A4-4314-975B-C62842533F52} = {F2AE0ADF-7D6F-4477-B9AA-0D7A4EF9156B}
		{32235D50-56B1-4FC1-B569-DD35FCAA80E1} = {F2AE0ADF-7D6F-4477-B9AA-0D7A4EF9156B}
		{CEE43B30-5E0F-4A08-BBEC-9D1D9F11202C} = {AC15E5E5-3920-46E7-BB8B-4BC02966C394}
		{F01E029E-1E4F-430F-94B7-E477E379E126} = {AC15E5E5-3920-46E7-BB8B-4BC02966C394}
		{9CA7CC8E-E8D6-4B2B-B5E9-368C6A469EC8} = {AC15E5E5-3920-46E7-BB8B-4BC02966C394}
		{D0B9843B-6401-455C-BFF3-9B0400672A22} = {BB3A93E8-050B-4CA0-9AE6-07765BFAB420}
		{63DD91E4-61A9-4B53-B715-6DBAC94FCACE} = {BB3A93E8-050B-4CA0-9AE6-07765BFAB420}
		{B5482451-B873-4EBA-B863-5D274DD34FE7} = {9CA7CC8E-E8D6-4B2B-B5E9-368C6A469EC8}
		{6AE52AF9-BE49-40EA-8A3A-A662158DFCA0} = {9CA7CC8E-E8D6-4B2B-B5E9-368C6A469EC8}
	EndGlobalSection
EndGlobal
